// !$*UTF8*$!
{
	archiveVersion = 1;
	classes = {
	};
	objectVersion = 46;
	objects = {

/* Begin PBXBuildFile section */
		1B5DCA101A8052D300FD5102 /* main.m in Sources */ = {isa = PBXBuildFile; fileRef = 1B5DCA0F1A8052D300FD5102 /* main.m */; };
		1B5DCA131A8052D300FD5102 /* AppDelegate.m in Sources */ = {isa = PBXBuildFile; fileRef = 1B5DCA121A8052D300FD5102 /* AppDelegate.m */; };
		1B5DCA161A8052D300FD5102 /* ViewController.m in Sources */ = {isa = PBXBuildFile; fileRef = 1B5DCA151A8052D300FD5102 /* ViewController.m */; };
		1B5DCA191A8052D300FD5102 /* Main.storyboard in Resources */ = {isa = PBXBuildFile; fileRef = 1B5DCA171A8052D300FD5102 /* Main.storyboard */; };
		1B5DCA1B1A8052D300FD5102 /* Images.xcassets in Resources */ = {isa = PBXBuildFile; fileRef = 1B5DCA1A1A8052D300FD5102 /* Images.xcassets */; };
		1B5DCA1E1A8052D300FD5102 /* LaunchScreen.xib in Resources */ = {isa = PBXBuildFile; fileRef = 1B5DCA1C1A8052D300FD5102 /* LaunchScreen.xib */; };
		1B5DCA2A1A8052D300FD5102 /* SampleAddLibraryTests.m in Sources */ = {isa = PBXBuildFile; fileRef = 1B5DCA291A8052D300FD5102 /* SampleAddLibraryTests.m */; };
		1BCA66361A80B04900485E3C /* ayara.jpg in Resources */ = {isa = PBXBuildFile; fileRef = 1BCA66351A80B04900485E3C /* ayara.jpg */; };
		555B569374DD9CD3E5A9FC17 /* libPods-SampleAddLibrary.a in Frameworks */ = {isa = PBXBuildFile; fileRef = 4C9C013CCF6487F10FDC9A53 /* libPods-SampleAddLibrary.a */; };
/* End PBXBuildFile section */

/* Begin PBXContainerItemProxy section */
		1B5DCA241A8052D300FD5102 /* PBXContainerItemProxy */ = {
			isa = PBXContainerItemProxy;
			containerPortal = 1B5DCA021A8052D300FD5102 /* Project object */;
			proxyType = 1;
			remoteGlobalIDString = 1B5DCA091A8052D300FD5102;
			remoteInfo = SampleAddLibrary;
		};
/* End PBXContainerItemProxy section */

/* Begin PBXFileReference section */
		1B5DCA0A1A8052D300FD5102 /* SampleAddLibrary.app */ = {isa = PBXFileReference; explicitFileType = wrapper.application; includeInIndex = 0; path = SampleAddLibrary.app; sourceTree = BUILT_PRODUCTS_DIR; };
		1B5DCA0E1A8052D300FD5102 /* Info.plist */ = {isa = PBXFileReference; lastKnownFileType = text.plist.xml; path = Info.plist; sourceTree = "<group>"; };
		1B5DCA0F1A8052D300FD5102 /* main.m */ = {isa = PBXFileReference; lastKnownFileType = sourcecode.c.objc; path = main.m; sourceTree = "<group>"; };
		1B5DCA111A8052D300FD5102 /* AppDelegate.h */ = {isa = PBXFileReference; lastKnownFileType = sourcecode.c.h; path = AppDelegate.h; sourceTree = "<group>"; };
		1B5DCA121A8052D300FD5102 /* AppDelegate.m */ = {isa = PBXFileReference; lastKnownFileType = sourcecode.c.objc; path = AppDelegate.m; sourceTree = "<group>"; };
		1B5DCA141A8052D300FD5102 /* ViewController.h */ = {isa = PBXFileReference; lastKnownFileType = sourcecode.c.h; path = ViewController.h; sourceTree = "<group>"; };
		1B5DCA151A8052D300FD5102 /* ViewController.m */ = {isa = PBXFileReference; lastKnownFileType = sourcecode.c.objc; path = ViewController.m; sourceTree = "<group>"; };
		1B5DCA181A8052D300FD5102 /* Base */ = {isa = PBXFileReference; lastKnownFileType = file.storyboard; name = Base; path = Base.lproj/Main.storyboard; sourceTree = "<group>"; };
		1B5DCA1A1A8052D300FD5102 /* Images.xcassets */ = {isa = PBXFileReference; lastKnownFileType = folder.assetcatalog; path = Images.xcassets; sourceTree = "<group>"; };
		1B5DCA1D1A8052D300FD5102 /* Base */ = {isa = PBXFileReference; lastKnownFileType = file.xib; name = Base; path = Base.lproj/LaunchScreen.xib; sourceTree = "<group>"; };
		1B5DCA231A8052D300FD5102 /* SampleAddLibraryTests.xctest */ = {isa = PBXFileReference; explicitFileType = wrapper.cfbundle; includeInIndex = 0; path = SampleAddLibraryTests.xctest; sourceTree = BUILT_PRODUCTS_DIR; };
		1B5DCA281A8052D300FD5102 /* Info.plist */ = {isa = PBXFileReference; lastKnownFileType = text.plist.xml; path = Info.plist; sourceTree = "<group>"; };
		1B5DCA291A8052D300FD5102 /* SampleAddLibraryTests.m */ = {isa = PBXFileReference; lastKnownFileType = sourcecode.c.objc; path = SampleAddLibraryTests.m; sourceTree = "<group>"; };
		1BCA66351A80B04900485E3C /* ayara.jpg */ = {isa = PBXFileReference; lastKnownFileType = image.jpeg; path = ayara.jpg; sourceTree = "<group>"; };
		4C9C013CCF6487F10FDC9A53 /* libPods-SampleAddLibrary.a */ = {isa = PBXFileReference; explicitFileType = archive.ar; includeInIndex = 0; path = "libPods-SampleAddLibrary.a"; sourceTree = BUILT_PRODUCTS_DIR; };
		5B6886E477F99CFBE08611DA /* Pods-SampleAddLibrary.release.xcconfig */ = {isa = PBXFileReference; includeInIndex = 1; lastKnownFileType = text.xcconfig; name = "Pods-SampleAddLibrary.release.xcconfig"; path = "Pods/Target Support Files/Pods-SampleAddLibrary/Pods-SampleAddLibrary.release.xcconfig"; sourceTree = "<group>"; };
		6AA7D1FC03B08AE24BFA51BA /* Pods-SampleAddLibrary.debug.xcconfig */ = {isa = PBXFileReference; includeInIndex = 1; lastKnownFileType = text.xcconfig; name = "Pods-SampleAddLibrary.debug.xcconfig"; path = "Pods/Target Support Files/Pods-SampleAddLibrary/Pods-SampleAddLibrary.debug.xcconfig"; sourceTree = "<group>"; };
/* End PBXFileReference section */

/* Begin PBXFrameworksBuildPhase section */
		1B5DCA071A8052D300FD5102 /* Frameworks */ = {
			isa = PBXFrameworksBuildPhase;
			buildActionMask = 2147483647;
			files = (
				555B569374DD9CD3E5A9FC17 /* libPods-SampleAddLibrary.a in Frameworks */,
			);
			runOnlyForDeploymentPostprocessing = 0;
		};
		1B5DCA201A8052D300FD5102 /* Frameworks */ = {
			isa = PBXFrameworksBuildPhase;
			buildActionMask = 2147483647;
			files = (
			);
			runOnlyForDeploymentPostprocessing = 0;
		};
/* End PBXFrameworksBuildPhase section */

/* Begin PBXGroup section */
		0DD5E0733CF393463B498586 /* Pods */ = {
			isa = PBXGroup;
			children = (
				6AA7D1FC03B08AE24BFA51BA /* Pods-SampleAddLibrary.debug.xcconfig */,
				5B6886E477F99CFBE08611DA /* Pods-SampleAddLibrary.release.xcconfig */,
			);
			name = Pods;
			sourceTree = "<group>";
		};
		1B5DCA011A8052D300FD5102 = {
			isa = PBXGroup;
			children = (
				1B5DCA0C1A8052D300FD5102 /* SampleAddLibrary */,
				1B5DCA261A8052D300FD5102 /* SampleAddLibraryTests */,
				1B5DCA0B1A8052D300FD5102 /* Products */,
				0DD5E0733CF393463B498586 /* Pods */,
				CB903BA36F90BB1892BB4E0B /* Frameworks */,
			);
			sourceTree = "<group>";
		};
		1B5DCA0B1A8052D300FD5102 /* Products */ = {
			isa = PBXGroup;
			children = (
				1B5DCA0A1A8052D300FD5102 /* SampleAddLibrary.app */,
				1B5DCA231A8052D300FD5102 /* SampleAddLibraryTests.xctest */,
			);
			name = Products;
			sourceTree = "<group>";
		};
		1B5DCA0C1A8052D300FD5102 /* SampleAddLibrary */ = {
			isa = PBXGroup;
			children = (
				1B5DCA111A8052D300FD5102 /* AppDelegate.h */,
				1B5DCA121A8052D300FD5102 /* AppDelegate.m */,
				1B5DCA141A8052D300FD5102 /* ViewController.h */,
				1B5DCA151A8052D300FD5102 /* ViewController.m */,
				1B5DCA171A8052D300FD5102 /* Main.storyboard */,
				1B5DCA1A1A8052D300FD5102 /* Images.xcassets */,
				1B5DCA1C1A8052D300FD5102 /* LaunchScreen.xib */,
				1B5DCA0D1A8052D300FD5102 /* Supporting Files */,
			);
			path = SampleAddLibrary;
			sourceTree = "<group>";
		};
		1B5DCA0D1A8052D300FD5102 /* Supporting Files */ = {
			isa = PBXGroup;
			children = (
				1BCA66341A80B04900485E3C /* images */,
				1B5DCA0E1A8052D300FD5102 /* Info.plist */,
				1B5DCA0F1A8052D300FD5102 /* main.m */,
			);
			name = "Supporting Files";
			sourceTree = "<group>";
		};
		1B5DCA261A8052D300FD5102 /* SampleAddLibraryTests */ = {
			isa = PBXGroup;
			children = (
				1B5DCA291A8052D300FD5102 /* SampleAddLibraryTests.m */,
				1B5DCA271A8052D300FD5102 /* Supporting Files */,
			);
			path = SampleAddLibraryTests;
			sourceTree = "<group>";
		};
		1B5DCA271A8052D300FD5102 /* Supporting Files */ = {
			isa = PBXGroup;
			children = (
				1B5DCA281A8052D300FD5102 /* Info.plist */,
			);
			name = "Supporting Files";
			sourceTree = "<group>";
		};
		1BCA66341A80B04900485E3C /* images */ = {
			isa = PBXGroup;
			children = (
				1BCA66351A80B04900485E3C /* ayara.jpg */,
			);
			path = images;
			sourceTree = "<group>";
		};
		CB903BA36F90BB1892BB4E0B /* Frameworks */ = {
			isa = PBXGroup;
			children = (
				4C9C013CCF6487F10FDC9A53 /* libPods-SampleAddLibrary.a */,
			);
			name = Frameworks;
			sourceTree = "<group>";
		};
/* End PBXGroup section */

/* Begin PBXNativeTarget section */
		1B5DCA091A8052D300FD5102 /* SampleAddLibrary */ = {
			isa = PBXNativeTarget;
			buildConfigurationList = 1B5DCA2D1A8052D300FD5102 /* Build configuration list for PBXNativeTarget "SampleAddLibrary" */;
			buildPhases = (
				6F97B45E0F6B44218855AFB1 /* Check Pods Manifest.lock */,
				1B5DCA061A8052D300FD5102 /* Sources */,
				1B5DCA071A8052D300FD5102 /* Frameworks */,
				1B5DCA081A8052D300FD5102 /* Resources */,
				A56CD798B24248C523BED774 /* Copy Pods Resources */,
			);
			buildRules = (
			);
			dependencies = (
			);
			name = SampleAddLibrary;
			productName = SampleAddLibrary;
			productReference = 1B5DCA0A1A8052D300FD5102 /* SampleAddLibrary.app */;
			productType = "com.apple.product-type.application";
		};
		1B5DCA221A8052D300FD5102 /* SampleAddLibraryTests */ = {
			isa = PBXNativeTarget;
			buildConfigurationList = 1B5DCA301A8052D300FD5102 /* Build configuration list for PBXNativeTarget "SampleAddLibraryTests" */;
			buildPhases = (
				1B5DCA1F1A8052D300FD5102 /* Sources */,
				1B5DCA201A8052D300FD5102 /* Frameworks */,
				1B5DCA211A8052D300FD5102 /* Resources */,
			);
			buildRules = (
			);
			dependencies = (
				1B5DCA251A8052D300FD5102 /* PBXTargetDependency */,
			);
			name = SampleAddLibraryTests;
			productName = SampleAddLibraryTests;
			productReference = 1B5DCA231A8052D300FD5102 /* SampleAddLibraryTests.xctest */;
			productType = "com.apple.product-type.bundle.unit-test";
		};
/* End PBXNativeTarget section */

/* Begin PBXProject section */
		1B5DCA021A8052D300FD5102 /* Project object */ = {
			isa = PBXProject;
			attributes = {
				LastUpgradeCheck = 0610;
				ORGANIZATIONNAME = "Eriko Ichinohe";
				TargetAttributes = {
					1B5DCA091A8052D300FD5102 = {
						CreatedOnToolsVersion = 6.1.1;
					};
					1B5DCA221A8052D300FD5102 = {
						CreatedOnToolsVersion = 6.1.1;
						TestTargetID = 1B5DCA091A8052D300FD5102;
					};
				};
			};
			buildConfigurationList = 1B5DCA051A8052D300FD5102 /* Build configuration list for PBXProject "SampleAddLibrary" */;
			compatibilityVersion = "Xcode 3.2";
			developmentRegion = English;
			hasScannedForEncodings = 0;
			knownRegions = (
				en,
				Base,
			);
			mainGroup = 1B5DCA011A8052D300FD5102;
			productRefGroup = 1B5DCA0B1A8052D300FD5102 /* Products */;
			projectDirPath = "";
			projectRoot = "";
			targets = (
				1B5DCA091A8052D300FD5102 /* SampleAddLibrary */,
				1B5DCA221A8052D300FD5102 /* SampleAddLibraryTests */,
			);
		};
/* End PBXProject section */

/* Begin PBXResourcesBuildPhase section */
		1B5DCA081A8052D300FD5102 /* Resources */ = {
			isa = PBXResourcesBuildPhase;
			buildActionMask = 2147483647;
			files = (
				1B5DCA191A8052D300FD5102 /* Main.storyboard in Resources */,
				1B5DCA1E1A8052D300FD5102 /* LaunchScreen.xib in Resources */,
				1BCA66361A80B04900485E3C /* ayara.jpg in Resources */,
				1B5DCA1B1A8052D300FD5102 /* Images.xcassets in Resources */,
			);
			runOnlyForDeploymentPostprocessing = 0;
		};
		1B5DCA211A8052D300FD5102 /* Resources */ = {
			isa = PBXResourcesBuildPhase;
			buildActionMask = 2147483647;
			files = (
			);
			runOnlyForDeploymentPostprocessing = 0;
		};
/* End PBXResourcesBuildPhase section */

/* Begin PBXShellScriptBuildPhase section */
		6F97B45E0F6B44218855AFB1 /* Check Pods Manifest.lock */ = {
			isa = PBXShellScriptBuildPhase;
			buildActionMask = 2147483647;
			files = (
			);
			inputPaths = (
			);
			name = "Check Pods Manifest.lock";
			outputPaths = (
			);
			runOnlyForDeploymentPostprocessing = 0;
			shellPath = /bin/sh;
			shellScript = "diff \"${PODS_ROOT}/../Podfile.lock\" \"${PODS_ROOT}/Manifest.lock\" > /dev/null\nif [[ $? != 0 ]] ; then\n    cat << EOM\nerror: The sandbox is not in sync with the Podfile.lock. Run 'pod install' or update your CocoaPods installation.\nEOM\n    exit 1\nfi\n";
			showEnvVarsInLog = 0;
		};
		A56CD798B24248C523BED774 /* Copy Pods Resources */ = {
			isa = PBXShellScriptBuildPhase;
			buildActionMask = 2147483647;
			files = (
			);
			inputPaths = (
			);
			name = "Copy Pods Resources";
			outputPaths = (
			);
			runOnlyForDeploymentPostprocessing = 0;
			shellPath = /bin/sh;
			shellScript = "\"${SRCROOT}/Pods/Target Support Files/Pods-SampleAddLibrary/Pods-SampleAddLibrary-resources.sh\"\n";
			showEnvVarsInLog = 0;
		};
/* End PBXShellScriptBuildPhase section */

/* Begin PBXSourcesBuildPhase section */
		1B5DCA061A8052D300FD5102 /* Sources */ = {
			isa = PBXSourcesBuildPhase;
			buildActionMask = 2147483647;
			files = (
				1B5DCA161A8052D300FD5102 /* ViewController.m in Sources */,
				1B5DCA131A8052D300FD5102 /* AppDelegate.m in Sources */,
				1B5DCA101A8052D300FD5102 /* main.m in Sources */,
			);
			runOnlyForDeploymentPostprocessing = 0;
		};
		1B5DCA1F1A8052D300FD5102 /* Sources */ = {
			isa = PBXSourcesBuildPhase;
			buildActionMask = 2147483647;
			files = (
				1B5DCA2A1A8052D300FD5102 /* SampleAddLibraryTests.m in Sources */,
			);
			runOnlyForDeploymentPostprocessing = 0;
		};
/* End PBXSourcesBuildPhase section */

/* Begin PBXTargetDependency section */
		1B5DCA251A8052D300FD5102 /* PBXTargetDependency */ = {
			isa = PBXTargetDependency;
			target = 1B5DCA091A8052D300FD5102 /* SampleAddLibrary */;
			targetProxy = 1B5DCA241A8052D300FD5102 /* PBXContainerItemProxy */;
		};
/* End PBXTargetDependency section */

/* Begin PBXVariantGroup section */
		1B5DCA171A8052D300FD5102 /* Main.storyboard */ = {
			isa = PBXVariantGroup;
			children = (
				1B5DCA181A8052D300FD5102 /* Base */,
			);
			name = Main.storyboard;
			sourceTree = "<group>";
		};
		1B5DCA1C1A8052D300FD5102 /* LaunchScreen.xib */ = {
			isa = PBXVariantGroup;
			children = (
				1B5DCA1D1A8052D300FD5102 /* Base */,
			);
			name = LaunchScreen.xib;
			sourceTree = "<group>";
		};
/* End PBXVariantGroup section */

/* Begin XCBuildConfiguration section */
		1B5DCA2B1A8052D300FD5102 /* Debug */ = {
			isa = XCBuildConfiguration;
			buildSettings = {
				ALWAYS_SEARCH_USER_PATHS = NO;
				CLANG_CXX_LANGUAGE_STANDARD = "gnu++0x";
				CLANG_CXX_LIBRARY = "libc++";
				CLANG_ENABLE_MODULES = YES;
				CLANG_ENABLE_OBJC_ARC = YES;
				CLANG_WARN_BOOL_CONVERSION = YES;
				CLANG_WARN_CONSTANT_CONVERSION = YES;
				CLANG_WARN_DIRECT_OBJC_ISA_USAGE = YES_ERROR;
				CLANG_WARN_EMPTY_BODY = YES;
				CLANG_WARN_ENUM_CONVERSION = YES;
				CLANG_WARN_INT_CONVERSION = YES;
				CLANG_WARN_OBJC_ROOT_CLASS = YES_ERROR;
				CLANG_WARN_UNREACHABLE_CODE = YES;
				CLANG_WARN__DUPLICATE_METHOD_MATCH = YES;
				"CODE_SIGN_IDENTITY[sdk=iphoneos*]" = "iPhone Developer";
				COPY_PHASE_STRIP = NO;
				ENABLE_STRICT_OBJC_MSGSEND = YES;
				GCC_C_LANGUAGE_STANDARD = gnu99;
				GCC_DYNAMIC_NO_PIC = NO;
				GCC_OPTIMIZATION_LEVEL = 0;
				GCC_PREPROCESSOR_DEFINITIONS = (
					"DEBUG=1",
					"$(inherited)",
				);
				GCC_SYMBOLS_PRIVATE_EXTERN = NO;
				GCC_WARN_64_TO_32_BIT_CONVERSION = YES;
				GCC_WARN_ABOUT_RETURN_TYPE = YES_ERROR;
				GCC_WARN_UNDECLARED_SELECTOR = YES;
				GCC_WARN_UNINITIALIZED_AUTOS = YES_AGGRESSIVE;
				GCC_WARN_UNUSED_FUNCTION = YES;
				GCC_WARN_UNUSED_VARIABLE = YES;
				IPHONEOS_DEPLOYMENT_TARGET = 8.1;
				MTL_ENABLE_DEBUG_INFO = YES;
				ONLY_ACTIVE_ARCH = YES;
				SDKROOT = iphoneos;
			};
			name = Debug;
		};
		1B5DCA2C1A8052D300FD5102 /* Release */ = {
			isa = XCBuildConfiguration;
			buildSettings = {
				ALWAYS_SEARCH_USER_PATHS = NO;
				CLANG_CXX_LANGUAGE_STANDARD = "gnu++0x";
				CLANG_CXX_LIBRARY = "libc++";
				CLANG_ENABLE_MODULES = YES;
				CLANG_ENABLE_OBJC_ARC = YES;
				CLANG_WARN_BOOL_CONVERSION = YES;
				CLANG_WARN_CONSTANT_CONVERSION = YES;
				CLANG_WARN_DIRECT_OBJC_ISA_USAGE = YES_ERROR;
				CLANG_WARN_EMPTY_BODY = YES;
				CLANG_WARN_ENUM_CONVERSION = YES;
				CLANG_WARN_INT_CONVERSION = YES;
				CLANG_WARN_OBJC_ROOT_CLASS = YES_ERROR;
				CLANG_WARN_UNREACHABLE_CODE = YES;
				CLANG_WARN__DUPLICATE_METHOD_MATCH = YES;
				"CODE_SIGN_IDENTITY[sdk=iphoneos*]" = "iPhone Developer";
				COPY_PHASE_STRIP = YES;
				ENABLE_NS_ASSERTIONS = NO;
				ENABLE_STRICT_OBJC_MSGSEND = YES;
				GCC_C_LANGUAGE_STANDARD = gnu99;
				GCC_WARN_64_TO_32_BIT_CONVERSION = YES;
				GCC_WARN_ABOUT_RETURN_TYPE = YES_ERROR;
				GCC_WARN_UNDECLARED_SELECTOR = YES;
				GCC_WARN_UNINITIALIZED_AUTOS = YES_AGGRESSIVE;
				GCC_WARN_UNUSED_FUNCTION = YES;
				GCC_WARN_UNUSED_VARIABLE = YES;
				IPHONEOS_DEPLOYMENT_TARGET = 8.1;
				MTL_ENABLE_DEBUG_INFO = NO;
				SDKROOT = iphoneos;
				VALIDATE_PRODUCT = YES;
			};
			name = Release;
		};
		1B5DCA2E1A8052D300FD5102 /* Debug */ = {
			isa = XCBuildConfiguration;
			baseConfigurationReference = 6AA7D1FC03B08AE24BFA51BA /* Pods-SampleAddLibrary.debug.xcconfig */;
			buildSettings = {
				ASSETCATALOG_COMPILER_APPICON_NAME = AppIcon;
				INFOPLIST_FILE = SampleAddLibrary/Info.plist;
				LD_RUNPATH_SEARCH_PATHS = "$(inherited) @executable_path/Frameworks";
				PRODUCT_NAME = "$(TARGET_NAME)";
			};
			name = Debug;
		};
		1B5DCA2F1A8052D300FD5102 /* Release */ = {
			isa = XCBuildConfiguration;
			baseConfigurationReference = 5B6886E477F99CFBE08611DA /* Pods-SampleAddLibrary.release.xcconfig */;
			buildSettings = {
				ASSETCATALOG_COMPILER_APPICON_NAME = AppIcon;
				INFOPLIST_FILE = SampleAddLibrary/Info.plist;
				LD_RUNPATH_SEARCH_PATHS = "$(inherited) @executable_path/Frameworks";
				PRODUCT_NAME = "$(TARGET_NAME)";
			};
			name = Release;
		};
		1B5DCA311A8052D300FD5102 /* Debug */ = {
			isa = XCBuildConfiguration;
			buildSettings = {
				BUNDLE_LOADER = "$(TEST_HOST)";
				FRAMEWORK_SEARCH_PATHS = (
					"$(SDKROOT)/Developer/Library/Frameworks",
					"$(inherited)",
				);
				GCC_PREPROCESSOR_DEFINITIONS = (
					"DEBUG=1",
					"$(inherited)",
				);
				INFOPLIST_FILE = SampleAddLibraryTests/Info.plist;
				LD_RUNPATH_SEARCH_PATHS = "$(inherited) @executable_path/Frameworks @loader_path/Frameworks";
				PRODUCT_NAME = "$(TARGET_NAME)";
				TEST_HOST = "$(BUILT_PRODUCTS_DIR)/SampleAddLibrary.app/SampleAddLibrary";
			};
			name = Debug;
		};
		1B5DCA321A8052D300FD5102 /* Release */ = {
			isa = XCBuildConfiguration;
			buildSettings = {
				BUNDLE_LOADER = "$(TEST_HOST)";
				FRAMEWORK_SEARCH_PATHS = (
					"$(SDKROOT)/Developer/Library/Frameworks",
					"$(inherited)",
				);
				INFOPLIST_FILE = SampleAddLibraryTests/Info.plist;
				LD_RUNPATH_SEARCH_PATHS = "$(inherited) @executable_path/Frameworks @loader_path/Frameworks";
				PRODUCT_NAME = "$(TARGET_NAME)";
				TEST_HOST = "$(BUILT_PRODUCTS_DIR)/SampleAddLibrary.app/SampleAddLibrary";
			};
			name = Release;
		};
/* End XCBuildConfiguration section */

/* Begin XCConfigurationList section */
		1B5DCA051A8052D300FD5102 /* Build configuration list for PBXProject "SampleAddLibrary" */ = {
			isa = XCConfigurationList;
			buildConfigurations = (
				1B5DCA2B1A8052D300FD5102 /* Debug */,
				1B5DCA2C1A8052D300FD5102 /* Release */,
			);
			defaultConfigurationIsVisible = 0;
			defaultConfigurationName = Release;
		};
		1B5DCA2D1A8052D300FD5102 /* Build configuration list for PBXNativeTarget "SampleAddLibrary" */ = {
			isa = XCConfigurationList;
			buildConfigurations = (
				1B5DCA2E1A8052D300FD5102 /* Debug */,
				1B5DCA2F1A8052D300FD5102 /* Release */,
			);
			defaultConfigurationIsVisible = 0;
			defaultConfigurationName = Release;
		};
		1B5DCA301A8052D300FD5102 /* Build configuration list for PBXNativeTarget "SampleAddLibraryTests" */ = {
			isa = XCConfigurationList;
			buildConfigurations = (
				1B5DCA311A8052D300FD5102 /* Debug */,
				1B5DCA321A8052D300FD5102 /* Release */,
			);
			defaultConfigurationIsVisible = 0;
			defaultConfigurationName = Release;
		};
/* End XCConfigurationList section */
	};
	rootObject = 1B5DCA021A8052D300FD5102 /* Project object */;
}
